
Microsoft Visual Studio Solution File, Format Version 12.00
# Visual Studio Version 17
VisualStudioVersion = 17.0.31903.59
MinimumVisualStudioVersion = 10.0.40219.1
Project("{2150E333-8FDC-42A3-9474-1A3956D46DE8}") = "src", "src", "{827E0CD3-B72D-47B6-A68D-7590B98EB39B}"
EndProject
Project("{FAE04EC0-301F-11D3-BF4B-00C04F79EFBC}") = "KeyShot.Core", "src\KeyShot.Core\KeyShot.Core.csproj", "{D1100E65-5B86-4788-9A03-790D3D0FD496}"
EndProject
Project("{FAE04EC0-301F-11D3-BF4B-00C04F79EFBC}") = "KeyShot.Input", "src\KeyShot.Input\KeyShot.Input.csproj", "{C2857961-557F-485D-8705-BC9D9AC18D7C}"
EndProject
Project("{FAE04EC0-301F-11D3-BF4B-00C04F79EFBC}") = "KeyShot.Audio", "src\KeyShot.Audio\KeyShot.Audio.csproj", "{1490C7CF-194C-444F-9EF8-CE89BE04585F}"
EndProject
Project("{2150E333-8FDC-42A3-9474-1A3956D46DE8}") = "tests", "tests", "{0AB3BF05-4346-4AA6-1389-037BE0695223}"
EndProject
Project("{FAE04EC0-301F-11D3-BF4B-00C04F79EFBC}") = "KeyShot.Tests", "tests\KeyShot.Tests\KeyShot.Tests.csproj", "{40EC9209-0013-451B-BE27-9C74AAAF92B5}"
EndProject
Project("{FAE04EC0-301F-11D3-BF4B-00C04F79EFBC}") = "KeyShot.App", "src\KeyShot.App\KeyShot.App.csproj", "{B08BD686-5653-4B2E-9E60-BCD07892F0FA}"
EndProject
Global
	GlobalSection(SolutionConfigurationPlatforms) = preSolution
		Debug|Any CPU = Debug|Any CPU
		Debug|x64 = Debug|x64
		Debug|x86 = Debug|x86
		Release|Any CPU = Release|Any CPU
		Release|x64 = Release|x64
		Release|x86 = Release|x86
	EndGlobalSection
	GlobalSection(ProjectConfigurationPlatforms) = postSolution
		{D1100E65-5B86-4788-9A03-790D3D0FD496}.Debug|Any CPU.ActiveCfg = Debug|Any CPU
		{D1100E65-5B86-4788-9A03-790D3D0FD496}.Debug|Any CPU.Build.0 = Debug|Any CPU
		{D1100E65-5B86-4788-9A03-790D3D0FD496}.Debug|x64.ActiveCfg = Debug|Any CPU
		{D1100E65-5B86-4788-9A03-790D3D0FD496}.Debug|x64.Build.0 = Debug|Any CPU
		{D1100E65-5B86-4788-9A03-790D3D0FD496}.Debug|x86.ActiveCfg = Debug|Any CPU
		{D1100E65-5B86-4788-9A03-790D3D0FD496}.Debug|x86.Build.0 = Debug|Any CPU
		{D1100E65-5B86-4788-9A03-790D3D0FD496}.Release|Any CPU.ActiveCfg = Release|Any CPU
		{D1100E65-5B86-4788-9A03-790D3D0FD496}.Release|Any CPU.Build.0 = Release|Any CPU
		{D1100E65-5B86-4788-9A03-790D3D0FD496}.Release|x64.ActiveCfg = Release|Any CPU
		{D1100E65-5B86-4788-9A03-790D3D0FD496}.Release|x64.Build.0 = Release|Any CPU
		{D1100E65-5B86-4788-9A03-790D3D0FD496}.Release|x86.ActiveCfg = Release|Any CPU
		{D1100E65-5B86-4788-9A03-790D3D0FD496}.Release|x86.Build.0 = Release|Any CPU
		{C2857961-557F-485D-8705-BC9D9AC18D7C}.Debug|Any CPU.ActiveCfg = Debug|Any CPU
		{C2857961-557F-485D-8705-BC9D9AC18D7C}.Debug|Any CPU.Build.0 = Debug|Any CPU
		{C2857961-557F-485D-8705-BC9D9AC18D7C}.Debug|x64.ActiveCfg = Debug|Any CPU
		{C2857961-557F-485D-8705-BC9D9AC18D7C}.Debug|x64.Build.0 = Debug|Any CPU
		{C2857961-557F-485D-8705-BC9D9AC18D7C}.Debug|x86.ActiveCfg = Debug|Any CPU
		{C2857961-557F-485D-8705-BC9D9AC18D7C}.Debug|x86.Build.0 = Debug|Any CPU
		{C2857961-557F-485D-8705-BC9D9AC18D7C}.Release|Any CPU.ActiveCfg = Release|Any CPU
		{C2857961-557F-485D-8705-BC9D9AC18D7C}.Release|Any CPU.Build.0 = Release|Any CPU
		{C2857961-557F-485D-8705-BC9D9AC18D7C}.Release|x64.ActiveCfg = Release|Any CPU
		{C2857961-557F-485D-8705-BC9D9AC18D7C}.Release|x64.Build.0 = Release|Any CPU
		{C2857961-557F-485D-8705-BC9D9AC18D7C}.Release|x86.ActiveCfg = Release|Any CPU
		{C2857961-557F-485D-8705-BC9D9AC18D7C}.Release|x86.Build.0 = Release|Any CPU
		{1490C7CF-194C-444F-9EF8-CE89BE04585F}.Debug|Any CPU.ActiveCfg = Debug|Any CPU
		{1490C7CF-194C-444F-9EF8-CE89BE04585F}.Debug|Any CPU.Build.0 = Debug|Any CPU
		{1490C7CF-194C-444F-9EF8-CE89BE04585F}.Debug|x64.ActiveCfg = Debug|Any CPU
		{1490C7CF-194C-444F-9EF8-CE89BE04585F}.Debug|x64.Build.0 = Debug|Any CPU
		{1490C7CF-194C-444F-9EF8-CE89BE04585F}.Debug|x86.ActiveCfg = Debug|Any CPU
		{1490C7CF-194C-444F-9EF8-CE89BE04585F}.Debug|x86.Build.0 = Debug|Any CPU
		{1490C7CF-194C-444F-9EF8-CE89BE04585F}.Release|Any CPU.ActiveCfg = Release|Any CPU
		{1490C7CF-194C-444F-9EF8-CE89BE04585F}.Release|Any CPU.Build.0 = Release|Any CPU
		{1490C7CF-194C-444F-9EF8-CE89BE04585F}.Release|x64.ActiveCfg = Release|Any CPU
		{1490C7CF-194C-444F-9EF8-CE89BE04585F}.Release|x64.Build.0 = Release|Any CPU
		{1490C7CF-194C-444F-9EF8-CE89BE04585F}.Release|x86.ActiveCfg = Release|Any CPU
		{1490C7CF-194C-444F-9EF8-CE89BE04585F}.Release|x86.Build.0 = Release|Any CPU
		{40EC9209-0013-451B-BE27-9C74AAAF92B5}.Debug|Any CPU.ActiveCfg = Debug|Any CPU
		{40EC9209-0013-451B-BE27-9C74AAAF92B5}.Debug|Any CPU.Build.0 = Debug|Any CPU
		{40EC9209-0013-451B-BE27-9C74AAAF92B5}.Debug|x64.ActiveCfg = Debug|Any CPU
		{40EC9209-0013-451B-BE27-9C74AAAF92B5}.Debug|x64.Build.0 = Debug|Any CPU
		{40EC9209-0013-451B-BE27-9C74AAAF92B5}.Debug|x86.ActiveCfg = Debug|Any CPU
		{40EC9209-0013-451B-BE27-9C74AAAF92B5}.Debug|x86.Build.0 = Debug|Any CPU
		{40EC9209-0013-451B-BE27-9C74AAAF92B5}.Release|Any CPU.ActiveCfg = Release|Any CPU
		{40EC9209-0013-451B-BE27-9C74AAAF92B5}.Release|Any CPU.Build.0 = Release|Any CPU
		{40EC9209-0013-451B-BE27-9C74AAAF92B5}.Release|x64.ActiveCfg = Release|Any CPU
		{40EC9209-0013-451B-BE27-9C74AAAF92B5}.Release|x64.Build.0 = Release|Any CPU
		{40EC9209-0013-451B-BE27-9C74AAAF92B5}.Release|x86.ActiveCfg = Release|Any CPU
		{40EC9209-0013-451B-BE27-9C74AAAF92B5}.Release|x86.Build.0 = Release|Any CPU
		{B08BD686-5653-4B2E-9E60-BCD07892F0FA}.Debug|Any CPU.ActiveCfg = Debug|Any CPU
		{B08BD686-5653-4B2E-9E60-BCD07892F0FA}.Debug|Any CPU.Build.0 = Debug|Any CPU
		{B08BD686-5653-4B2E-9E60-BCD07892F0FA}.Debug|x64.ActiveCfg = Debug|Any CPU
		{B08BD686-5653-4B2E-9E60-BCD07892F0FA}.Debug|x64.Build.0 = Debug|Any CPU
		{B08BD686-5653-4B2E-9E60-BCD07892F0FA}.Debug|x86.ActiveCfg = Debug|Any CPU
		{B08BD686-5653-4B2E-9E60-BCD07892F0FA}.Debug|x86.Build.0 = Debug|Any CPU
		{B08BD686-5653-4B2E-9E60-BCD07892F0FA}.Release|Any CPU.ActiveCfg = Release|Any CPU
		{B08BD686-5653-4B2E-9E60-BCD07892F0FA}.Release|Any CPU.Build.0 = Release|Any CPU
		{B08BD686-5653-4B2E-9E60-BCD07892F0FA}.Release|x64.ActiveCfg = Release|Any CPU
		{B08BD686-5653-4B2E-9E60-BCD07892F0FA}.Release|x64.Build.0 = Release|Any CPU
		{B08BD686-5653-4B2E-9E60-BCD07892F0FA}.Release|x86.ActiveCfg = Release|Any CPU
		{B08BD686-5653-4B2E-9E60-BCD07892F0FA}.Release|x86.Build.0 = Release|Any CPU
	EndGlobalSection
	GlobalSection(SolutionProperties) = preSolution
		HideSolutionNode = FALSE
	EndGlobalSection
	GlobalSection(NestedProjects) = preSolution
		{D1100E65-5B86-4788-9A03-790D3D0FD496} = {827E0CD3-B72D-47B6-A68D-7590B98EB39B}
		{C2857961-557F-485D-8705-BC9D9AC18D7C} = {827E0CD3-B72D-47B6-A68D-7590B98EB39B}
		{1490C7CF-194C-444F-9EF8-CE89BE04585F} = {827E0CD3-B72D-47B6-A68D-7590B98EB39B}
		{40EC9209-0013-451B-BE27-9C74AAAF92B5} = {0AB3BF05-4346-4AA6-1389-037BE0695223}
		{B08BD686-5653-4B2E-9E60-BCD07892F0FA} = {827E0CD3-B72D-47B6-A68D-7590B98EB39B}
	EndGlobalSection
EndGlobal
